// !$*UTF8*$!
{
	archiveVersion = 1;
	classes = {
	};
	objectVersion = 50;
	objects = {

/* Begin PBXBuildFile section */
		006E647F25625640002BA3F8 /* AppDelegate.swift in Sources */ = {isa = PBXBuildFile; fileRef = 006E647E25625640002BA3F8 /* AppDelegate.swift */; };
		006E648125625640002BA3F8 /* SceneDelegate.swift in Sources */ = {isa = PBXBuildFile; fileRef = 006E648025625640002BA3F8 /* SceneDelegate.swift */; };
		006E648825625641002BA3F8 /* Assets.xcassets in Resources */ = {isa = PBXBuildFile; fileRef = 006E648725625641002BA3F8 /* Assets.xcassets */; };
		006E648B25625641002BA3F8 /* LaunchScreen.storyboard in Resources */ = {isa = PBXBuildFile; fileRef = 006E648925625641002BA3F8 /* LaunchScreen.storyboard */; };
		006E649725625712002BA3F8 /* MainViewController.swift in Sources */ = {isa = PBXBuildFile; fileRef = 006E649525625712002BA3F8 /* MainViewController.swift */; };
		006E649825625712002BA3F8 /* MainViewController.xib in Resources */ = {isa = PBXBuildFile; fileRef = 006E649625625712002BA3F8 /* MainViewController.xib */; };
		006E64AB2562737C002BA3F8 /* SearchPortViewController.swift in Sources */ = {isa = PBXBuildFile; fileRef = 006E64A92562737C002BA3F8 /* SearchPortViewController.swift */; };
		006E64AC2562737C002BA3F8 /* SearchPortViewController.xib in Resources */ = {isa = PBXBuildFile; fileRef = 006E64AA2562737C002BA3F8 /* SearchPortViewController.xib */; };
		006E64BB25636728002BA3F8 /* SettingManager.swift in Sources */ = {isa = PBXBuildFile; fileRef = 006E64BA25636728002BA3F8 /* SettingManager.swift */; };
		006E64BE256367EA002BA3F8 /* ModelCapability.swift in Sources */ = {isa = PBXBuildFile; fileRef = 006E64BD256367EA002BA3F8 /* ModelCapability.swift */; };
		006E64C225637732002BA3F8 /* CoreBluetooth.framework in Frameworks */ = {isa = PBXBuildFile; fileRef = 006E64C125637732002BA3F8 /* CoreBluetooth.framework */; };
		006E64C425637740002BA3F8 /* Accelerate.framework in Frameworks */ = {isa = PBXBuildFile; fileRef = 006E64C325637740002BA3F8 /* Accelerate.framework */; };
		006E64CD25639B20002BA3F8 /* SMCloudServices.framework in Frameworks */ = {isa = PBXBuildFile; fileRef = 006E64CA25639B20002BA3F8 /* SMCloudServices.framework */; };
		006E64CE25639B20002BA3F8 /* StarIO_Extension.framework in Frameworks */ = {isa = PBXBuildFile; fileRef = 006E64CB25639B20002BA3F8 /* StarIO_Extension.framework */; };
		006E64CF25639B20002BA3F8 /* StarIO.framework in Frameworks */ = {isa = PBXBuildFile; fileRef = 006E64CC25639B20002BA3F8 /* StarIO.framework */; };
		006E64EC2563A71E002BA3F8 /* Communication.swift in Sources */ = {isa = PBXBuildFile; fileRef = 006E64EA2563A71E002BA3F8 /* Communication.swift */; };
		006E64ED2563A71E002BA3F8 /* CommunicationResult.swift in Sources */ = {isa = PBXBuildFile; fileRef = 006E64EB2563A71E002BA3F8 /* CommunicationResult.swift */; };
		006E64F12563AFAD002BA3F8 /* ExternalAccessory.framework in Frameworks */ = {isa = PBXBuildFile; fileRef = 006E64F02563AFAD002BA3F8 /* ExternalAccessory.framework */; };
		006E64F52563B74F002BA3F8 /* ClassModel.swift in Sources */ = {isa = PBXBuildFile; fileRef = 006E64F42563B74F002BA3F8 /* ClassModel.swift */; };
		006E64FF2564F44F002BA3F8 /* LocalizeReceipts.swift in Sources */ = {isa = PBXBuildFile; fileRef = 006E64FE2564F44F002BA3F8 /* LocalizeReceipts.swift */; };
/* End PBXBuildFile section */

/* Begin PBXFileReference section */
		006E647B25625640002BA3F8 /* PrinterTest.app */ = {isa = PBXFileReference; explicitFileType = wrapper.application; includeInIndex = 0; path = PrinterTest.app; sourceTree = BUILT_PRODUCTS_DIR; };
		006E647E25625640002BA3F8 /* AppDelegate.swift */ = {isa = PBXFileReference; lastKnownFileType = sourcecode.swift; path = AppDelegate.swift; sourceTree = "<group>"; };
		006E648025625640002BA3F8 /* SceneDelegate.swift */ = {isa = PBXFileReference; lastKnownFileType = sourcecode.swift; path = SceneDelegate.swift; sourceTree = "<group>"; };
		006E648725625641002BA3F8 /* Assets.xcassets */ = {isa = PBXFileReference; lastKnownFileType = folder.assetcatalog; path = Assets.xcassets; sourceTree = "<group>"; };
		006E648A25625641002BA3F8 /* Base */ = {isa = PBXFileReference; lastKnownFileType = file.storyboard; name = Base; path = Base.lproj/LaunchScreen.storyboard; sourceTree = "<group>"; };
		006E648C25625641002BA3F8 /* Info.plist */ = {isa = PBXFileReference; lastKnownFileType = text.plist.xml; path = Info.plist; sourceTree = "<group>"; };
		006E649525625712002BA3F8 /* MainViewController.swift */ = {isa = PBXFileReference; lastKnownFileType = sourcecode.swift; path = MainViewController.swift; sourceTree = "<group>"; };
		006E649625625712002BA3F8 /* MainViewController.xib */ = {isa = PBXFileReference; lastKnownFileType = file.xib; path = MainViewController.xib; sourceTree = "<group>"; };
		006E64A92562737C002BA3F8 /* SearchPortViewController.swift */ = {isa = PBXFileReference; lastKnownFileType = sourcecode.swift; path = SearchPortViewController.swift; sourceTree = "<group>"; };
		006E64AA2562737C002BA3F8 /* SearchPortViewController.xib */ = {isa = PBXFileReference; lastKnownFileType = file.xib; path = SearchPortViewController.xib; sourceTree = "<group>"; };
		006E64B425627C9D002BA3F8 /* PrinterTest-Bridging-Header.h */ = {isa = PBXFileReference; lastKnownFileType = sourcecode.c.h; path = "PrinterTest-Bridging-Header.h"; sourceTree = "<group>"; };
		006E64BA25636728002BA3F8 /* SettingManager.swift */ = {isa = PBXFileReference; lastKnownFileType = sourcecode.swift; path = SettingManager.swift; sourceTree = "<group>"; };
		006E64BD256367EA002BA3F8 /* ModelCapability.swift */ = {isa = PBXFileReference; fileEncoding = 4; lastKnownFileType = sourcecode.swift; path = ModelCapability.swift; sourceTree = "<group>"; };
		006E64C125637732002BA3F8 /* CoreBluetooth.framework */ = {isa = PBXFileReference; lastKnownFileType = wrapper.framework; name = CoreBluetooth.framework; path = System/Library/Frameworks/CoreBluetooth.framework; sourceTree = SDKROOT; };
		006E64C325637740002BA3F8 /* Accelerate.framework */ = {isa = PBXFileReference; lastKnownFileType = wrapper.framework; name = Accelerate.framework; path = System/Library/Frameworks/Accelerate.framework; sourceTree = SDKROOT; };
		006E64CA25639B20002BA3F8 /* SMCloudServices.framework */ = {isa = PBXFileReference; lastKnownFileType = wrapper.framework; name = SMCloudServices.framework; path = PrinterTest/SMCloudServices.framework; sourceTree = "<group>"; };
		006E64CB25639B20002BA3F8 /* StarIO_Extension.framework */ = {isa = PBXFileReference; lastKnownFileType = wrapper.framework; name = StarIO_Extension.framework; path = PrinterTest/StarIO_Extension.framework; sourceTree = "<group>"; };
		006E64CC25639B20002BA3F8 /* StarIO.framework */ = {isa = PBXFileReference; lastKnownFileType = wrapper.framework; name = StarIO.framework; path = PrinterTest/StarIO.framework; sourceTree = "<group>"; };
		006E64EA2563A71E002BA3F8 /* Communication.swift */ = {isa = PBXFileReference; fileEncoding = 4; lastKnownFileType = sourcecode.swift; name = Communication.swift; path = Communications/Communication.swift; sourceTree = "<group>"; };
		006E64EB2563A71E002BA3F8 /* CommunicationResult.swift */ = {isa = PBXFileReference; fileEncoding = 4; lastKnownFileType = sourcecode.swift; name = CommunicationResult.swift; path = Communications/CommunicationResult.swift; sourceTree = "<group>"; };
		006E64F02563AFAD002BA3F8 /* ExternalAccessory.framework */ = {isa = PBXFileReference; lastKnownFileType = wrapper.framework; name = ExternalAccessory.framework; path = System/Library/Frameworks/ExternalAccessory.framework; sourceTree = SDKROOT; };
		006E64F42563B74F002BA3F8 /* ClassModel.swift */ = {isa = PBXFileReference; lastKnownFileType = sourcecode.swift; path = ClassModel.swift; sourceTree = "<group>"; };
		006E64FE2564F44F002BA3F8 /* LocalizeReceipts.swift */ = {isa = PBXFileReference; lastKnownFileType = sourcecode.swift; path = LocalizeReceipts.swift; sourceTree = "<group>"; };
/* End PBXFileReference section */

/* Begin PBXFrameworksBuildPhase section */
		006E647825625640002BA3F8 /* Frameworks */ = {
			isa = PBXFrameworksBuildPhase;
			buildActionMask = 2147483647;
			files = (
				006E64C225637732002BA3F8 /* CoreBluetooth.framework in Frameworks */,
				006E64F12563AFAD002BA3F8 /* ExternalAccessory.framework in Frameworks */,
				006E64CE25639B20002BA3F8 /* StarIO_Extension.framework in Frameworks */,
				006E64CF25639B20002BA3F8 /* StarIO.framework in Frameworks */,
				006E64C425637740002BA3F8 /* Accelerate.framework in Frameworks */,
				006E64CD25639B20002BA3F8 /* SMCloudServices.framework in Frameworks */,
			);
			runOnlyForDeploymentPostprocessing = 0;
		};
/* End PBXFrameworksBuildPhase section */

/* Begin PBXGroup section */
		006E647225625640002BA3F8 = {
			isa = PBXGroup;
			children = (
				006E647D25625640002BA3F8 /* PrinterTest */,
				006E647C25625640002BA3F8 /* Products */,
				006E64C025637732002BA3F8 /* Frameworks */,
			);
			sourceTree = "<group>";
		};
		006E647C25625640002BA3F8 /* Products */ = {
			isa = PBXGroup;
			children = (
				006E647B25625640002BA3F8 /* PrinterTest.app */,
			);
			name = Products;
			sourceTree = "<group>";
		};
		006E647D25625640002BA3F8 /* PrinterTest */ = {
			isa = PBXGroup;
			children = (
				006E647E25625640002BA3F8 /* AppDelegate.swift */,
				006E648025625640002BA3F8 /* SceneDelegate.swift */,
				006E649525625712002BA3F8 /* MainViewController.swift */,
				006E649625625712002BA3F8 /* MainViewController.xib */,
				006E64A92562737C002BA3F8 /* SearchPortViewController.swift */,
				006E64AA2562737C002BA3F8 /* SearchPortViewController.xib */,
				006E648725625641002BA3F8 /* Assets.xcassets */,
				006E648925625641002BA3F8 /* LaunchScreen.storyboard */,
				006E648C25625641002BA3F8 /* Info.plist */,
				006E64B425627C9D002BA3F8 /* PrinterTest-Bridging-Header.h */,
				006E64F72564D126002BA3F8 /* Model */,
				006E64E92563A710002BA3F8 /* comm */,
			);
			path = PrinterTest;
			sourceTree = "<group>";
		};
		006E64C025637732002BA3F8 /* Frameworks */ = {
			isa = PBXGroup;
			children = (
				006E64F02563AFAD002BA3F8 /* ExternalAccessory.framework */,
				006E64CA25639B20002BA3F8 /* SMCloudServices.framework */,
				006E64CB25639B20002BA3F8 /* StarIO_Extension.framework */,
				006E64CC25639B20002BA3F8 /* StarIO.framework */,
				006E64C325637740002BA3F8 /* Accelerate.framework */,
				006E64C125637732002BA3F8 /* CoreBluetooth.framework */,
			);
			name = Frameworks;
			sourceTree = "<group>";
		};
		006E64E92563A710002BA3F8 /* comm */ = {
			isa = PBXGroup;
			children = (
				006E64EA2563A71E002BA3F8 /* Communication.swift */,
				006E64EB2563A71E002BA3F8 /* CommunicationResult.swift */,
			);
			name = comm;
			sourceTree = "<group>";
		};
		006E64F72564D126002BA3F8 /* Model */ = {
			isa = PBXGroup;
			children = (
				006E64BA25636728002BA3F8 /* SettingManager.swift */,
				006E64BD256367EA002BA3F8 /* ModelCapability.swift */,
				006E64F42563B74F002BA3F8 /* ClassModel.swift */,
				006E64FE2564F44F002BA3F8 /* LocalizeReceipts.swift */,
			);
			path = Model;
			sourceTree = "<group>";
		};
/* End PBXGroup section */

/* Begin PBXNativeTarget section */
		006E647A25625640002BA3F8 /* PrinterTest */ = {
			isa = PBXNativeTarget;
			buildConfigurationList = 006E648F25625641002BA3F8 /* Build configuration list for PBXNativeTarget "PrinterTest" */;
			buildPhases = (
				006E647725625640002BA3F8 /* Sources */,
				006E647825625640002BA3F8 /* Frameworks */,
				006E647925625640002BA3F8 /* Resources */,
			);
			buildRules = (
			);
			dependencies = (
			);
			name = PrinterTest;
			productName = PrinterTest;
			productReference = 006E647B25625640002BA3F8 /* PrinterTest.app */;
			productType = "com.apple.product-type.application";
		};
/* End PBXNativeTarget section */

/* Begin PBXProject section */
		006E647325625640002BA3F8 /* Project object */ = {
			isa = PBXProject;
			attributes = {
				LastSwiftUpdateCheck = 1220;
				LastUpgradeCheck = 1220;
				TargetAttributes = {
					006E647A25625640002BA3F8 = {
						CreatedOnToolsVersion = 12.2;
						LastSwiftMigration = 1220;
					};
				};
			};
			buildConfigurationList = 006E647625625640002BA3F8 /* Build configuration list for PBXProject "PrinterTest" */;
			compatibilityVersion = "Xcode 9.3";
			developmentRegion = en;
			hasScannedForEncodings = 0;
			knownRegions = (
				en,
				Base,
			);
			mainGroup = 006E647225625640002BA3F8;
			productRefGroup = 006E647C25625640002BA3F8 /* Products */;
			projectDirPath = "";
			projectRoot = "";
			targets = (
				006E647A25625640002BA3F8 /* PrinterTest */,
			);
		};
/* End PBXProject section */

/* Begin PBXResourcesBuildPhase section */
		006E647925625640002BA3F8 /* Resources */ = {
			isa = PBXResourcesBuildPhase;
			buildActionMask = 2147483647;
			files = (
				006E648B25625641002BA3F8 /* LaunchScreen.storyboard in Resources */,
				006E649825625712002BA3F8 /* MainViewController.xib in Resources */,
				006E648825625641002BA3F8 /* Assets.xcassets in Resources */,
				006E64AC2562737C002BA3F8 /* SearchPortViewController.xib in Resources */,
			);
			runOnlyForDeploymentPostprocessing = 0;
		};
/* End PBXResourcesBuildPhase section */

/* Begin PBXSourcesBuildPhase section */
		006E647725625640002BA3F8 /* Sources */ = {
			isa = PBXSourcesBuildPhase;
			buildActionMask = 2147483647;
			files = (
				006E64BB25636728002BA3F8 /* SettingManager.swift in Sources */,
				006E64ED2563A71E002BA3F8 /* CommunicationResult.swift in Sources */,
				006E649725625712002BA3F8 /* MainViewController.swift in Sources */,
				006E64FF2564F44F002BA3F8 /* LocalizeReceipts.swift in Sources */,
				006E64EC2563A71E002BA3F8 /* Communication.swift in Sources */,
				006E647F25625640002BA3F8 /* AppDelegate.swift in Sources */,
				006E648125625640002BA3F8 /* SceneDelegate.swift in Sources */,
				006E64F52563B74F002BA3F8 /* ClassModel.swift in Sources */,
				006E64AB2562737C002BA3F8 /* SearchPortViewController.swift in Sources */,
				006E64BE256367EA002BA3F8 /* ModelCapability.swift in Sources */,
			);
			runOnlyForDeploymentPostprocessing = 0;
		};
/* End PBXSourcesBuildPhase section */

/* Begin PBXVariantGroup section */
		006E648925625641002BA3F8 /* LaunchScreen.storyboard */ = {
			isa = PBXVariantGroup;
			children = (
				006E648A25625641002BA3F8 /* Base */,
			);
			name = LaunchScreen.storyboard;
			sourceTree = "<group>";
		};
/* End PBXVariantGroup section */

/* Begin XCBuildConfiguration section */
		006E648D25625641002BA3F8 /* Debug */ = {
			isa = XCBuildConfiguration;
			buildSettings = {
				ALWAYS_SEARCH_USER_PATHS = NO;
				CLANG_ANALYZER_NONNULL = YES;
				CLANG_ANALYZER_NUMBER_OBJECT_CONVERSION = YES_AGGRESSIVE;
				CLANG_CXX_LANGUAGE_STANDARD = "gnu++14";
				CLANG_CXX_LIBRARY = "libc++";
				CLANG_ENABLE_MODULES = YES;
				CLANG_ENABLE_OBJC_ARC = YES;
				CLANG_ENABLE_OBJC_WEAK = YES;
				CLANG_WARN_BLOCK_CAPTURE_AUTORELEASING = YES;
				CLANG_WARN_BOOL_CONVERSION = YES;
				CLANG_WARN_COMMA = YES;
				CLANG_WARN_CONSTANT_CONVERSION = YES;
				CLANG_WARN_DEPRECATED_OBJC_IMPLEMENTATIONS = YES;
				CLANG_WARN_DIRECT_OBJC_ISA_USAGE = YES_ERROR;
				CLANG_WARN_DOCUMENTATION_COMMENTS = YES;
				CLANG_WARN_EMPTY_BODY = YES;
				CLANG_WARN_ENUM_CONVERSION = YES;
				CLANG_WARN_INFINITE_RECURSION = YES;
				CLANG_WARN_INT_CONVERSION = YES;
				CLANG_WARN_NON_LITERAL_NULL_CONVERSION = YES;
				CLANG_WARN_OBJC_IMPLICIT_RETAIN_SELF = YES;
				CLANG_WARN_OBJC_LITERAL_CONVERSION = YES;
				CLANG_WARN_OBJC_ROOT_CLASS = YES_ERROR;
				CLANG_WARN_QUOTED_INCLUDE_IN_FRAMEWORK_HEADER = YES;
				CLANG_WARN_RANGE_LOOP_ANALYSIS = YES;
				CLANG_WARN_STRICT_PROTOTYPES = YES;
				CLANG_WARN_SUSPICIOUS_MOVE = YES;
				CLANG_WARN_UNGUARDED_AVAILABILITY = YES_AGGRESSIVE;
				CLANG_WARN_UNREACHABLE_CODE = YES;
				CLANG_WARN__DUPLICATE_METHOD_MATCH = YES;
				COPY_PHASE_STRIP = NO;
				DEBUG_INFORMATION_FORMAT = dwarf;
				ENABLE_STRICT_OBJC_MSGSEND = YES;
				ENABLE_TESTABILITY = YES;
				GCC_C_LANGUAGE_STANDARD = gnu11;
				GCC_DYNAMIC_NO_PIC = NO;
				GCC_NO_COMMON_BLOCKS = YES;
				GCC_OPTIMIZATION_LEVEL = 0;
				GCC_PREPROCESSOR_DEFINITIONS = (
					"DEBUG=1",
					"$(inherited)",
				);
				GCC_WARN_64_TO_32_BIT_CONVERSION = YES;
				GCC_WARN_ABOUT_RETURN_TYPE = YES_ERROR;
				GCC_WARN_UNDECLARED_SELECTOR = YES;
				GCC_WARN_UNINITIALIZED_AUTOS = YES_AGGRESSIVE;
				GCC_WARN_UNUSED_FUNCTION = YES;
				GCC_WARN_UNUSED_VARIABLE = YES;
				IPHONEOS_DEPLOYMENT_TARGET = 9.0;
				MTL_ENABLE_DEBUG_INFO = INCLUDE_SOURCE;
				MTL_FAST_MATH = YES;
				ONLY_ACTIVE_ARCH = YES;
				SDKROOT = iphoneos;
				SWIFT_ACTIVE_COMPILATION_CONDITIONS = DEBUG;
				SWIFT_OPTIMIZATION_LEVEL = "-Onone";
			};
			name = Debug;
		};
		006E648E25625641002BA3F8 /* Release */ = {
			isa = XCBuildConfiguration;
			buildSettings = {
				ALWAYS_SEARCH_USER_PATHS = NO;
				CLANG_ANALYZER_NONNULL = YES;
				CLANG_ANALYZER_NUMBER_OBJECT_CONVERSION = YES_AGGRESSIVE;
				CLANG_CXX_LANGUAGE_STANDARD = "gnu++14";
				CLANG_CXX_LIBRARY = "libc++";
				CLANG_ENABLE_MODULES = YES;
				CLANG_ENABLE_OBJC_ARC = YES;
				CLANG_ENABLE_OBJC_WEAK = YES;
				CLANG_WARN_BLOCK_CAPTURE_AUTORELEASING = YES;
				CLANG_WARN_BOOL_CONVERSION = YES;
				CLANG_WARN_COMMA = YES;
				CLANG_WARN_CONSTANT_CONVERSION = YES;
				CLANG_WARN_DEPRECATED_OBJC_IMPLEMENTATIONS = YES;
				CLANG_WARN_DIRECT_OBJC_ISA_USAGE = YES_ERROR;
				CLANG_WARN_DOCUMENTATION_COMMENTS = YES;
				CLANG_WARN_EMPTY_BODY = YES;
				CLANG_WARN_ENUM_CONVERSION = YES;
				CLANG_WARN_INFINITE_RECURSION = YES;
				CLANG_WARN_INT_CONVERSION = YES;
				CLANG_WARN_NON_LITERAL_NULL_CONVERSION = YES;
				CLANG_WARN_OBJC_IMPLICIT_RETAIN_SELF = YES;
				CLANG_WARN_OBJC_LITERAL_CONVERSION = YES;
				CLANG_WARN_OBJC_ROOT_CLASS = YES_ERROR;
				CLANG_WARN_QUOTED_INCLUDE_IN_FRAMEWORK_HEADER = YES;
				CLANG_WARN_RANGE_LOOP_ANALYSIS = YES;
				CLANG_WARN_STRICT_PROTOTYPES = YES;
				CLANG_WARN_SUSPICIOUS_MOVE = YES;
				CLANG_WARN_UNGUARDED_AVAILABILITY = YES_AGGRESSIVE;
				CLANG_WARN_UNREACHABLE_CODE = YES;
				CLANG_WARN__DUPLICATE_METHOD_MATCH = YES;
				COPY_PHASE_STRIP = NO;
				DEBUG_INFORMATION_FORMAT = "dwarf-with-dsym";
				ENABLE_NS_ASSERTIONS = NO;
				ENABLE_STRICT_OBJC_MSGSEND = YES;
				GCC_C_LANGUAGE_STANDARD = gnu11;
				GCC_NO_COMMON_BLOCKS = YES;
				GCC_WARN_64_TO_32_BIT_CONVERSION = YES;
				GCC_WARN_ABOUT_RETURN_TYPE = YES_ERROR;
				GCC_WARN_UNDECLARED_SELECTOR = YES;
				GCC_WARN_UNINITIALIZED_AUTOS = YES_AGGRESSIVE;
				GCC_WARN_UNUSED_FUNCTION = YES;
				GCC_WARN_UNUSED_VARIABLE = YES;
				IPHONEOS_DEPLOYMENT_TARGET = 9.0;
				MTL_ENABLE_DEBUG_INFO = NO;
				MTL_FAST_MATH = YES;
				SDKROOT = iphoneos;
				SWIFT_COMPILATION_MODE = wholemodule;
				SWIFT_OPTIMIZATION_LEVEL = "-O";
				VALIDATE_PRODUCT = YES;
			};
			name = Release;
		};
		006E649025625641002BA3F8 /* Debug */ = {
			isa = XCBuildConfiguration;
			buildSettings = {
				ASSETCATALOG_COMPILER_APPICON_NAME = AppIcon;
				ASSETCATALOG_COMPILER_GLOBAL_ACCENT_COLOR_NAME = AccentColor;
				CLANG_ENABLE_MODULES = YES;
				CODE_SIGN_STYLE = Automatic;
				DEVELOPMENT_TEAM = 2CVZ5K69RK;
				FRAMEWORK_SEARCH_PATHS = (
					"$(inherited)",
					"$(PROJECT_DIR)/PrinterTest",
				);
				INFOPLIST_FILE = PrinterTest/Info.plist;
				LD_RUNPATH_SEARCH_PATHS = (
					"$(inherited)",
					"@executable_path/Frameworks",
				);
				PRODUCT_BUNDLE_IDENTIFIER = com.kkk22805385.PrinterTest;
				PRODUCT_NAME = "$(TARGET_NAME)";
				SWIFT_OBJC_BRIDGING_HEADER = "PrinterTest/PrinterTest-Bridging-Header.h";
				SWIFT_OPTIMIZATION_LEVEL = "-Onone";
				SWIFT_VERSION = 5.0;
				TARGETED_DEVICE_FAMILY = "1,2";
			};
			name = Debug;
		};
		006E649125625641002BA3F8 /* Release */ = {
			isa = XCBuildConfiguration;
			buildSettings = {
				ASSETCATALOG_COMPILER_APPICON_NAME = AppIcon;
				ASSETCATALOG_COMPILER_GLOBAL_ACCENT_COLOR_NAME = AccentColor;
				CLANG_ENABLE_MODULES = YES;
				CODE_SIGN_STYLE = Automatic;
				DEVELOPMENT_TEAM = 2CVZ5K69RK;
				FRAMEWORK_SEARCH_PATHS = (
					"$(inherited)",
					"$(PROJECT_DIR)/PrinterTest",
				);
				INFOPLIST_FILE = PrinterTest/Info.plist;
				LD_RUNPATH_SEARCH_PATHS = (
					"$(inherited)",
					"@executable_path/Frameworks",
				);
				PRODUCT_BUNDLE_IDENTIFIER = com.kkk22805385.PrinterTest;
				PRODUCT_NAME = "$(TARGET_NAME)";
				SWIFT_OBJC_BRIDGING_HEADER = "PrinterTest/PrinterTest-Bridging-Header.h";
				SWIFT_VERSION = 5.0;
				TARGETED_DEVICE_FAMILY = "1,2";
			};
			name = Release;
		};
/* End XCBuildConfiguration section */

/* Begin XCConfigurationList section */
		006E647625625640002BA3F8 /* Build configuration list for PBXProject "PrinterTest" */ = {
			isa = XCConfigurationList;
			buildConfigurations = (
				006E648D25625641002BA3F8 /* Debug */,
				006E648E25625641002BA3F8 /* Release */,
			);
			defaultConfigurationIsVisible = 0;
			defaultConfigurationName = Release;
		};
		006E648F25625641002BA3F8 /* Build configuration list for PBXNativeTarget "PrinterTest" */ = {
			isa = XCConfigurationList;
			buildConfigurations = (
				006E649025625641002BA3F8 /* Debug */,
				006E649125625641002BA3F8 /* Release */,
			);
			defaultConfigurationIsVisible = 0;
			defaultConfigurationName = Release;
		};
/* End XCConfigurationList section */
	};
	rootObject = 006E647325625640002BA3F8 /* Project object */;
}
